Microsoft Visual Studio Solution File, Format Version 12.00
# Visual Studio 14
VisualStudioVersion = 14.0.24720.0
MinimumVisualStudioVersion = 10.0.40219.1
Project("{F184B08F-C81C-45F6-A57F-5ABD9991F28F}") = "jakxtflib", "jakxtflib\jakxtflib.vbproj", "{26B9BCEA-2033-43EC-8B12-90DF6492097C}"
EndProject
Project("{F184B08F-C81C-45F6-A57F-5ABD9991F28F}") = "XtfViewer_Phone8", "XtfViewer_Phone8\XtfViewer_Phone8.vbproj", "{DF7B52EB-8E62-490D-9E95-04FA2A20D77B}"
	ProjectSection(ProjectDependencies) = postProject
		{26B9BCEA-2033-43EC-8B12-90DF6492097C} = {26B9BCEA-2033-43EC-8B12-90DF6492097C}
	EndProjectSection
EndProject
Project("{F184B08F-C81C-45F6-A57F-5ABD9991F28F}") = "XtfViewerDataModel", "XtfViewerDataModel\XtfViewerDataModel.vbproj", "{412F846C-145E-4E4C-89FF-958895344337}"
	ProjectSection(ProjectDependencies) = postProject
		{26B9BCEA-2033-43EC-8B12-90DF6492097C} = {26B9BCEA-2033-43EC-8B12-90DF6492097C}
	EndProjectSection
EndProject
Project("{F184B08F-C81C-45F6-A57F-5ABD9991F28F}") = "XtfViewer_UWP10", "XtfViewer_UWP10\XtfViewer_UWP10.vbproj", "{4DA68AD2-EF7C-48AD-B0EC-4FAAD7DED5AF}"
EndProject
Project("{F184B08F-C81C-45F6-A57F-5ABD9991F28F}") = "XtfViewerAppCommons", "XtfViewerAppCommons\XtfViewerAppCommons.vbproj", "{6CAF6ED3-6D83-4890-90DC-DA977995EB22}"
EndProject
Project("{F184B08F-C81C-45F6-A57F-5ABD9991F28F}") = "XtfViewer_Win8", "XtfViewer_Win8\XtfViewer_Win8.vbproj", "{6EC52FF4-E0DD-43F2-AEEC-78F7849B4C7E}"
EndProject
Global
	GlobalSection(SolutionConfigurationPlatforms) = preSolution
		Debug|Any CPU = Debug|Any CPU
		Debug|ARM = Debug|ARM
		Debug|x64 = Debug|x64
		Debug|x86 = Debug|x86
		Release|Any CPU = Release|Any CPU
		Release|ARM = Release|ARM
		Release|x64 = Release|x64
		Release|x86 = Release|x86
	EndGlobalSection
	GlobalSection(ProjectConfigurationPlatforms) = postSolution
		{26B9BCEA-2033-43EC-8B12-90DF6492097C}.Debug|Any CPU.ActiveCfg = Release|Any CPU
		{26B9BCEA-2033-43EC-8B12-90DF6492097C}.Debug|Any CPU.Build.0 = Release|Any CPU
		{26B9BCEA-2033-43EC-8B12-90DF6492097C}.Debug|ARM.ActiveCfg = Debug|Any CPU
		{26B9BCEA-2033-43EC-8B12-90DF6492097C}.Debug|x64.ActiveCfg = Debug|Any CPU
		{26B9BCEA-2033-43EC-8B12-90DF6492097C}.Debug|x86.ActiveCfg = Debug|Any CPU
		{26B9BCEA-2033-43EC-8B12-90DF6492097C}.Release|Any CPU.ActiveCfg = Release|Any CPU
		{26B9BCEA-2033-43EC-8B12-90DF6492097C}.Release|Any CPU.Build.0 = Release|Any CPU
		{26B9BCEA-2033-43EC-8B12-90DF6492097C}.Release|ARM.ActiveCfg = Release|Any CPU
		{26B9BCEA-2033-43EC-8B12-90DF6492097C}.Release|x64.ActiveCfg = Release|Any CPU
		{26B9BCEA-2033-43EC-8B12-90DF6492097C}.Release|x86.ActiveCfg = Release|Any CPU
		{DF7B52EB-8E62-490D-9E95-04FA2A20D77B}.Debug|Any CPU.ActiveCfg = Debug|Any CPU
		{DF7B52EB-8E62-490D-9E95-04FA2A20D77B}.Debug|Any CPU.Build.0 = Debug|Any CPU
		{DF7B52EB-8E62-490D-9E95-04FA2A20D77B}.Debug|Any CPU.Deploy.0 = Debug|Any CPU
		{DF7B52EB-8E62-490D-9E95-04FA2A20D77B}.Debug|ARM.ActiveCfg = Debug|ARM
		{DF7B52EB-8E62-490D-9E95-04FA2A20D77B}.Debug|ARM.Build.0 = Debug|ARM
		{DF7B52EB-8E62-490D-9E95-04FA2A20D77B}.Debug|ARM.Deploy.0 = Debug|ARM
		{DF7B52EB-8E62-490D-9E95-04FA2A20D77B}.Debug|x64.ActiveCfg = Debug|Any CPU
		{DF7B52EB-8E62-490D-9E95-04FA2A20D77B}.Debug|x86.ActiveCfg = Debug|x86
		{DF7B52EB-8E62-490D-9E95-04FA2A20D77B}.Debug|x86.Build.0 = Debug|x86
		{DF7B52EB-8E62-490D-9E95-04FA2A20D77B}.Debug|x86.Deploy.0 = Debug|x86
		{DF7B52EB-8E62-490D-9E95-04FA2A20D77B}.Release|Any CPU.ActiveCfg = Release|Any CPU
		{DF7B52EB-8E62-490D-9E95-04FA2A20D77B}.Release|Any CPU.Build.0 = Release|Any CPU
		{DF7B52EB-8E62-490D-9E95-04FA2A20D77B}.Release|Any CPU.Deploy.0 = Release|Any CPU
		{DF7B52EB-8E62-490D-9E95-04FA2A20D77B}.Release|ARM.ActiveCfg = Release|ARM
		{DF7B52EB-8E62-490D-9E95-04FA2A20D77B}.Release|ARM.Build.0 = Release|ARM
		{DF7B52EB-8E62-490D-9E95-04FA2A20D77B}.Release|ARM.Deploy.0 = Release|ARM
		{DF7B52EB-8E62-490D-9E95-04FA2A20D77B}.Release|x64.ActiveCfg = Release|Any CPU
		{DF7B52EB-8E62-490D-9E95-04FA2A20D77B}.Release|x86.ActiveCfg = Release|x86
		{DF7B52EB-8E62-490D-9E95-04FA2A20D77B}.Release|x86.Build.0 = Release|x86
		{DF7B52EB-8E62-490D-9E95-04FA2A20D77B}.Release|x86.Deploy.0 = Release|x86
		{412F846C-145E-4E4C-89FF-958895344337}.Debug|Any CPU.ActiveCfg = Debug|Any CPU
		{412F846C-145E-4E4C-89FF-958895344337}.Debug|Any CPU.Build.0 = Debug|Any CPU
		{412F846C-145E-4E4C-89FF-958895344337}.Debug|ARM.ActiveCfg = Debug|Any CPU
		{412F846C-145E-4E4C-89FF-958895344337}.Debug|x64.ActiveCfg = Debug|Any CPU
		{412F846C-145E-4E4C-89FF-958895344337}.Debug|x86.ActiveCfg = Debug|Any CPU
		{412F846C-145E-4E4C-89FF-958895344337}.Release|Any CPU.ActiveCfg = Release|Any CPU
		{412F846C-145E-4E4C-89FF-958895344337}.Release|Any CPU.Build.0 = Release|Any CPU
		{412F846C-145E-4E4C-89FF-958895344337}.Release|ARM.ActiveCfg = Release|Any CPU
		{412F846C-145E-4E4C-89FF-958895344337}.Release|x64.ActiveCfg = Release|Any CPU
		{412F846C-145E-4E4C-89FF-958895344337}.Release|x86.ActiveCfg = Release|Any CPU
		{4DA68AD2-EF7C-48AD-B0EC-4FAAD7DED5AF}.Debug|Any CPU.ActiveCfg = Debug|x86
		{4DA68AD2-EF7C-48AD-B0EC-4FAAD7DED5AF}.Debug|Any CPU.Build.0 = Debug|x86
		{4DA68AD2-EF7C-48AD-B0EC-4FAAD7DED5AF}.Debug|Any CPU.Deploy.0 = Debug|x86
		{4DA68AD2-EF7C-48AD-B0EC-4FAAD7DED5AF}.Debug|ARM.ActiveCfg = Debug|ARM
		{4DA68AD2-EF7C-48AD-B0EC-4FAAD7DED5AF}.Debug|ARM.Build.0 = Debug|ARM
		{4DA68AD2-EF7C-48AD-B0EC-4FAAD7DED5AF}.Debug|ARM.Deploy.0 = Debug|ARM
		{4DA68AD2-EF7C-48AD-B0EC-4FAAD7DED5AF}.Debug|x64.ActiveCfg = Debug|x64
		{4DA68AD2-EF7C-48AD-B0EC-4FAAD7DED5AF}.Debug|x64.Build.0 = Debug|x64
		{4DA68AD2-EF7C-48AD-B0EC-4FAAD7DED5AF}.Debug|x64.Deploy.0 = Debug|x64
		{4DA68AD2-EF7C-48AD-B0EC-4FAAD7DED5AF}.Debug|x86.ActiveCfg = Debug|x86
		{4DA68AD2-EF7C-48AD-B0EC-4FAAD7DED5AF}.Debug|x86.Build.0 = Debug|x86
		{4DA68AD2-EF7C-48AD-B0EC-4FAAD7DED5AF}.Debug|x86.Deploy.0 = Debug|x86
		{4DA68AD2-EF7C-48AD-B0EC-4FAAD7DED5AF}.Release|Any CPU.ActiveCfg = Release|x86
		{4DA68AD2-EF7C-48AD-B0EC-4FAAD7DED5AF}.Release|Any CPU.Build.0 = Release|x86
		{4DA68AD2-EF7C-48AD-B0EC-4FAAD7DED5AF}.Release|Any CPU.Deploy.0 = Release|x86
		{4DA68AD2-EF7C-48AD-B0EC-4FAAD7DED5AF}.Release|ARM.ActiveCfg = Release|ARM
		{4DA68AD2-EF7C-48AD-B0EC-4FAAD7DED5AF}.Release|ARM.Build.0 = Release|ARM
		{4DA68AD2-EF7C-48AD-B0EC-4FAAD7DED5AF}.Release|ARM.Deploy.0 = Release|ARM
		{4DA68AD2-EF7C-48AD-B0EC-4FAAD7DED5AF}.Release|x64.ActiveCfg = Release|x64
		{4DA68AD2-EF7C-48AD-B0EC-4FAAD7DED5AF}.Release|x64.Build.0 = Release|x64
		{4DA68AD2-EF7C-48AD-B0EC-4FAAD7DED5AF}.Release|x64.Deploy.0 = Release|x64
		{4DA68AD2-EF7C-48AD-B0EC-4FAAD7DED5AF}.Release|x86.ActiveCfg = Release|x86
		{4DA68AD2-EF7C-48AD-B0EC-4FAAD7DED5AF}.Release|x86.Build.0 = Release|x86
		{4DA68AD2-EF7C-48AD-B0EC-4FAAD7DED5AF}.Release|x86.Deploy.0 = Release|x86
		{6CAF6ED3-6D83-4890-90DC-DA977995EB22}.Debug|Any CPU.ActiveCfg = Debug|Any CPU
		{6CAF6ED3-6D83-4890-90DC-DA977995EB22}.Debug|Any CPU.Build.0 = Debug|Any CPU
		{6CAF6ED3-6D83-4890-90DC-DA977995EB22}.Debug|ARM.ActiveCfg = Debug|Any CPU
		{6CAF6ED3-6D83-4890-90DC-DA977995EB22}.Debug|ARM.Build.0 = Debug|Any CPU
		{6CAF6ED3-6D83-4890-90DC-DA977995EB22}.Debug|x64.ActiveCfg = Debug|Any CPU
		{6CAF6ED3-6D83-4890-90DC-DA977995EB22}.Debug|x64.Build.0 = Debug|Any CPU
		{6CAF6ED3-6D83-4890-90DC-DA977995EB22}.Debug|x86.ActiveCfg = Debug|Any CPU
		{6CAF6ED3-6D83-4890-90DC-DA977995EB22}.Debug|x86.Build.0 = Debug|Any CPU
		{6CAF6ED3-6D83-4890-90DC-DA977995EB22}.Release|Any CPU.ActiveCfg = Release|Any CPU
		{6CAF6ED3-6D83-4890-90DC-DA977995EB22}.Release|Any CPU.Build.0 = Release|Any CPU
		{6CAF6ED3-6D83-4890-90DC-DA977995EB22}.Release|ARM.ActiveCfg = Release|Any CPU
		{6CAF6ED3-6D83-4890-90DC-DA977995EB22}.Release|ARM.Build.0 = Release|Any CPU
		{6CAF6ED3-6D83-4890-90DC-DA977995EB22}.Release|x64.ActiveCfg = Release|Any CPU
		{6CAF6ED3-6D83-4890-90DC-DA977995EB22}.Release|x64.Build.0 = Release|Any CPU
		{6CAF6ED3-6D83-4890-90DC-DA977995EB22}.Release|x86.ActiveCfg = Release|Any CPU
		{6CAF6ED3-6D83-4890-90DC-DA977995EB22}.Release|x86.Build.0 = Release|Any CPU
		{6EC52FF4-E0DD-43F2-AEEC-78F7849B4C7E}.Debug|Any CPU.ActiveCfg = Debug|Any CPU
		{6EC52FF4-E0DD-43F2-AEEC-78F7849B4C7E}.Debug|Any CPU.Build.0 = Debug|Any CPU
		{6EC52FF4-E0DD-43F2-AEEC-78F7849B4C7E}.Debug|Any CPU.Deploy.0 = Debug|Any CPU
		{6EC52FF4-E0DD-43F2-AEEC-78F7849B4C7E}.Debug|ARM.ActiveCfg = Debug|ARM
		{6EC52FF4-E0DD-43F2-AEEC-78F7849B4C7E}.Debug|ARM.Build.0 = Debug|ARM
		{6EC52FF4-E0DD-43F2-AEEC-78F7849B4C7E}.Debug|ARM.Deploy.0 = Debug|ARM
		{6EC52FF4-E0DD-43F2-AEEC-78F7849B4C7E}.Debug|x64.ActiveCfg = Debug|x64
		{6EC52FF4-E0DD-43F2-AEEC-78F7849B4C7E}.Debug|x64.Build.0 = Debug|x64
		{6EC52FF4-E0DD-43F2-AEEC-78F7849B4C7E}.Debug|x64.Deploy.0 = Debug|x64
		{6EC52FF4-E0DD-43F2-AEEC-78F7849B4C7E}.Debug|x86.ActiveCfg = Debug|x86
		{6EC52FF4-E0DD-43F2-AEEC-78F7849B4C7E}.Debug|x86.Build.0 = Debug|x86
		{6EC52FF4-E0DD-43F2-AEEC-78F7849B4C7E}.Debug|x86.Deploy.0 = Debug|x86
		{6EC52FF4-E0DD-43F2-AEEC-78F7849B4C7E}.Release|Any CPU.ActiveCfg = Release|Any CPU
		{6EC52FF4-E0DD-43F2-AEEC-78F7849B4C7E}.Release|Any CPU.Build.0 = Release|Any CPU
		{6EC52FF4-E0DD-43F2-AEEC-78F7849B4C7E}.Release|Any CPU.Deploy.0 = Release|Any CPU
		{6EC52FF4-E0DD-43F2-AEEC-78F7849B4C7E}.Release|ARM.ActiveCfg = Release|ARM
		{6EC52FF4-E0DD-43F2-AEEC-78F7849B4C7E}.Release|ARM.Build.0 = Release|ARM
		{6EC52FF4-E0DD-43F2-AEEC-78F7849B4C7E}.Release|ARM.Deploy.0 = Release|ARM
		{6EC52FF4-E0DD-43F2-AEEC-78F7849B4C7E}.Release|x64.ActiveCfg = Release|x64
		{6EC52FF4-E0DD-43F2-AEEC-78F7849B4C7E}.Release|x64.Build.0 = Release|x64
		{6EC52FF4-E0DD-43F2-AEEC-78F7849B4C7E}.Release|x64.Deploy.0 = Release|x64
		{6EC52FF4-E0DD-43F2-AEEC-78F7849B4C7E}.Release|x86.ActiveCfg = Release|x86
		{6EC52FF4-E0DD-43F2-AEEC-78F7849B4C7E}.Release|x86.Build.0 = Release|x86
		{6EC52FF4-E0DD-43F2-AEEC-78F7849B4C7E}.Release|x86.Deploy.0 = Release|x86
	EndGlobalSection
	GlobalSection(SolutionProperties) = preSolution
		HideSolutionNode = FALSE
	EndGlobalSection
	GlobalSection(ExtensibilityGlobals) = postSolution
		RESX_PrefixTranslations = True
	EndGlobalSection
EndGlobal
